
Microsoft Visual Studio Solution File, Format Version 12.00
# Visual Studio 15
Project("{FAE04EC0-301F-11D3-BF4B-00C04F79EFBC}") = "Assembly-CSharp", "Assembly-CSharp.csproj", "{A72A0D6D-FB16-8DC3-2E25-1D5860B2B4DE}"
EndProject
Project("{FAE04EC0-301F-11D3-BF4B-00C04F79EFBC}") = "Assembly-CSharp-Editor", "Assembly-CSharp-Editor.csproj", "{445376FA-8E45-3C0D-44A1-795C0F2A7DA0}"
EndProject
Global
	GlobalSection(SolutionConfigurationPlatforms) = preSolution
		Debug|Any CPU = Debug|Any CPU
		Release|Any CPU = Release|Any CPU
	EndGlobalSection
	GlobalSection(ProjectConfigurationPlatforms) = postSolution
		{A72A0D6D-FB16-8DC3-2E25-1D5860B2B4DE}.Debug|Any CPU.ActiveCfg = Debug|Any CPU
		{A72A0D6D-FB16-8DC3-2E25-1D5860B2B4DE}.Debug|Any CPU.Build.0 = Debug|Any CPU
		{A72A0D6D-FB16-8DC3-2E25-1D5860B2B4DE}.Release|Any CPU.ActiveCfg = Release|Any CPU
		{A72A0D6D-FB16-8DC3-2E25-1D5860B2B4DE}.Release|Any CPU.Build.0 = Release|Any CPU
		{445376FA-8E45-3C0D-44A1-795C0F2A7DA0}.Debug|Any CPU.ActiveCfg = Debug|Any CPU
		{445376FA-8E45-3C0D-44A1-795C0F2A7DA0}.Debug|Any CPU.Build.0 = Debug|Any CPU
		{445376FA-8E45-3C0D-44A1-795C0F2A7DA0}.Release|Any CPU.ActiveCfg = Release|Any CPU
		{445376FA-8E45-3C0D-44A1-795C0F2A7DA0}.Release|Any CPU.Build.0 = Release|Any CPU
	EndGlobalSection
	GlobalSection(SolutionProperties) = preSolution
		HideSolutionNode = FALSE
	EndGlobalSection
EndGlobal
